
Microsoft Visual Studio Solution File, Format Version 12.00
Project("{FAE04EC0-301F-11D3-BF4B-00C04F79EFBC}") = "URLify", "URLify\URLify.csproj", "{1A4E3B7F-B4C1-426C-81EF-F80061C945A5}"
EndProject
Global
	GlobalSection(SolutionConfigurationPlatforms) = preSolution
		Debug|Any CPU = Debug|Any CPU
		Release|Any CPU = Release|Any CPU
	EndGlobalSection
	GlobalSection(ProjectConfigurationPlatforms) = postSolution
		{1A4E3B7F-B4C1-426C-81EF-F80061C945A5}.Debug|Any CPU.ActiveCfg = Debug|Any CPU
		{1A4E3B7F-B4C1-426C-81EF-F80061C945A5}.Debug|Any CPU.Build.0 = Debug|Any CPU
		{1A4E3B7F-B4C1-426C-81EF-F80061C945A5}.Release|Any CPU.ActiveCfg = Release|Any CPU
		{1A4E3B7F-B4C1-426C-81EF-F80061C945A5}.Release|Any CPU.Build.0 = Release|Any CPU
	EndGlobalSection
EndGlobal
